{
    "name": "tiktoken-node",
    "version": "0.0.8",
    "lockfileVersion": 3,
    "requires": true,
    "packages": {
        "": {
            "name": "tiktoken-node",
            "version": "0.0.8",
            "license": "MIT",
            "devDependencies": {
                "@napi-rs/cli": "2.18.3",
                "typescript": "5.4.5"
            },
            "engines": {
                "node": ">= 14"
            }
        },
        "node_modules/@napi-rs/cli": {
            "version": "2.18.3",
            "resolved": "https://registry.npmjs.org/@napi-rs/cli/-/cli-2.18.3.tgz",
            "integrity": "sha512-L0f4kP0dyG8W5Qtc7MtP73VvLLrOLyRcUEBzknIfu8Jk4Jfhrsx1ItMHgyalYqMSslWdY3ojEfAaU5sx1VyeQQ==",
            "dev": true,
            "bin": {
                "napi": "scripts/index.js"
            },
            "engines": {
                "node": ">= 10"
            },
            "funding": {
                "type": "github",
                "url": "https://github.com/sponsors/Brooooooklyn"
            }
        },
        "node_modules/typescript": {
            "version": "5.4.5",
            "resolved": "https://registry.npmjs.org/typescript/-/typescript-5.4.5.tgz",
            "integrity": "sha512-vcI4UpRgg81oIRUFwR0WSIHKt11nJ7SAVlYNIu+QpqeyXP+gpQJy/Z4+F0aGxSE4MqwjyXvW/TzgkLAx2AGHwQ==",
            "dev": true,
            "bin": {
                "tsc": "bin/tsc",
                "tsserver": "bin/tsserver"
            },
            "engines": {
                "node": ">=14.17"
            }
        }
    }
}
